
Microsoft Visual Studio Solution File, Format Version 12.00
Project("{FAE04EC0-301F-11D3-BF4B-00C04F79EFBC}") = "COMP003A.LectureActivity6-2", "COMP003A.LectureActivity6-2\COMP003A.LectureActivity6-2.csproj", "{965188BC-6298-4FB5-B2F8-A324D686250B}"
EndProject
Global
	GlobalSection(SolutionConfigurationPlatforms) = preSolution
		Debug|Any CPU = Debug|Any CPU
		Release|Any CPU = Release|Any CPU
	EndGlobalSection
	GlobalSection(ProjectConfigurationPlatforms) = postSolution
		{965188BC-6298-4FB5-B2F8-A324D686250B}.Debug|Any CPU.ActiveCfg = Debug|Any CPU
		{965188BC-6298-4FB5-B2F8-A324D686250B}.Debug|Any CPU.Build.0 = Debug|Any CPU
		{965188BC-6298-4FB5-B2F8-A324D686250B}.Release|Any CPU.ActiveCfg = Release|Any CPU
		{965188BC-6298-4FB5-B2F8-A324D686250B}.Release|Any CPU.Build.0 = Release|Any CPU
	EndGlobalSection
EndGlobal
